
Microsoft Visual Studio Solution File, Format Version 12.00
# Visual Studio Version 17
VisualStudioVersion = 17.11.35303.130
MinimumVisualStudioVersion = 10.0.40219.1
Project("{9A19103F-16F7-4668-BE54-9A1E7A4F7556}") = "Day1", "DayOne\Day1.csproj", "{DF5285AD-0F7A-4AA6-9615-63079621ABC3}"
EndProject
Project("{9A19103F-16F7-4668-BE54-9A1E7A4F7556}") = "Day2", "DayTwo\Day2.csproj", "{A6BA9D1B-67EE-40CF-B0B7-312947F8E516}"
EndProject
Project("{9A19103F-16F7-4668-BE54-9A1E7A4F7556}") = "Day3", "DayThree\Day3.csproj", "{5F7FFA67-7B11-4DC6-A8F9-216DB95AA7D3}"
EndProject
Project("{9A19103F-16F7-4668-BE54-9A1E7A4F7556}") = "Day4", "Day4\Day4.csproj", "{E8A074FE-96F4-4116-B7DF-3A208947C6F1}"
EndProject
Project("{9A19103F-16F7-4668-BE54-9A1E7A4F7556}") = "Day5", "Day5\Day5.csproj", "{1C693919-D9B1-4573-BA36-BEBB0930A1A6}"
EndProject
Project("{FAE04EC0-301F-11D3-BF4B-00C04F79EFBC}") = "Day6", "Day6\Day6.csproj", "{DFFF0AAF-7788-45F1-BA5F-F76649FADF49}"
EndProject
Global
	GlobalSection(SolutionConfigurationPlatforms) = preSolution
		Debug|Any CPU = Debug|Any CPU
		Release|Any CPU = Release|Any CPU
	EndGlobalSection
	GlobalSection(ProjectConfigurationPlatforms) = postSolution
		{DF5285AD-0F7A-4AA6-9615-63079621ABC3}.Debug|Any CPU.ActiveCfg = Debug|Any CPU
		{DF5285AD-0F7A-4AA6-9615-63079621ABC3}.Debug|Any CPU.Build.0 = Debug|Any CPU
		{DF5285AD-0F7A-4AA6-9615-63079621ABC3}.Release|Any CPU.ActiveCfg = Release|Any CPU
		{DF5285AD-0F7A-4AA6-9615-63079621ABC3}.Release|Any CPU.Build.0 = Release|Any CPU
		{A6BA9D1B-67EE-40CF-B0B7-312947F8E516}.Debug|Any CPU.ActiveCfg = Debug|Any CPU
		{A6BA9D1B-67EE-40CF-B0B7-312947F8E516}.Debug|Any CPU.Build.0 = Debug|Any CPU
		{A6BA9D1B-67EE-40CF-B0B7-312947F8E516}.Release|Any CPU.ActiveCfg = Release|Any CPU
		{A6BA9D1B-67EE-40CF-B0B7-312947F8E516}.Release|Any CPU.Build.0 = Release|Any CPU
		{5F7FFA67-7B11-4DC6-A8F9-216DB95AA7D3}.Debug|Any CPU.ActiveCfg = Debug|Any CPU
		{5F7FFA67-7B11-4DC6-A8F9-216DB95AA7D3}.Debug|Any CPU.Build.0 = Debug|Any CPU
		{5F7FFA67-7B11-4DC6-A8F9-216DB95AA7D3}.Release|Any CPU.ActiveCfg = Release|Any CPU
		{5F7FFA67-7B11-4DC6-A8F9-216DB95AA7D3}.Release|Any CPU.Build.0 = Release|Any CPU
		{E8A074FE-96F4-4116-B7DF-3A208947C6F1}.Debug|Any CPU.ActiveCfg = Debug|Any CPU
		{E8A074FE-96F4-4116-B7DF-3A208947C6F1}.Debug|Any CPU.Build.0 = Debug|Any CPU
		{E8A074FE-96F4-4116-B7DF-3A208947C6F1}.Release|Any CPU.ActiveCfg = Release|Any CPU
		{E8A074FE-96F4-4116-B7DF-3A208947C6F1}.Release|Any CPU.Build.0 = Release|Any CPU
		{1C693919-D9B1-4573-BA36-BEBB0930A1A6}.Debug|Any CPU.ActiveCfg = Debug|Any CPU
		{1C693919-D9B1-4573-BA36-BEBB0930A1A6}.Debug|Any CPU.Build.0 = Debug|Any CPU
		{1C693919-D9B1-4573-BA36-BEBB0930A1A6}.Release|Any CPU.ActiveCfg = Release|Any CPU
		{1C693919-D9B1-4573-BA36-BEBB0930A1A6}.Release|Any CPU.Build.0 = Release|Any CPU
		{DFFF0AAF-7788-45F1-BA5F-F76649FADF49}.Debug|Any CPU.ActiveCfg = Debug|Any CPU
		{DFFF0AAF-7788-45F1-BA5F-F76649FADF49}.Debug|Any CPU.Build.0 = Debug|Any CPU
		{DFFF0AAF-7788-45F1-BA5F-F76649FADF49}.Release|Any CPU.ActiveCfg = Release|Any CPU
		{DFFF0AAF-7788-45F1-BA5F-F76649FADF49}.Release|Any CPU.Build.0 = Release|Any CPU
	EndGlobalSection
	GlobalSection(SolutionProperties) = preSolution
		HideSolutionNode = FALSE
	EndGlobalSection
	GlobalSection(ExtensibilityGlobals) = postSolution
		SolutionGuid = {ACAB2768-0D49-481D-BCE3-8C43162CDA32}
	EndGlobalSection
EndGlobal
